Microsoft Visual Studio Solution File, Format Version 12.00
# Visual Studio Version 17
VisualStudioVersion = 17.9.34321.82
MinimumVisualStudioVersion = 10.0.40219.1
Project("{9A19103F-16F7-4668-BE54-9A1E7A4F7556}") = "AspireApp1.AppHost", "AspireApp1.AppHost\AspireApp1.AppHost.csproj", "{5EC6BBE8-30DD-42F4-B4AE-1DDC0C6DDCD9}"
EndProject
Project("{9A19103F-16F7-4668-BE54-9A1E7A4F7556}") = "AspireApp1.ServiceDefaults", "AspireApp1.ServiceDefaults\AspireApp1.ServiceDefaults.csproj", "{57200A06-78BC-43E0-87EC-2E59336A978A}"
EndProject
Project("{9A19103F-16F7-4668-BE54-9A1E7A4F7556}") = "AspireApp1.ApiService", "AspireApp1.ApiService\AspireApp1.ApiService.csproj", "{99A0A28C-A660-443B-9919-6BF05AF93A82}"
EndProject
Project("{9A19103F-16F7-4668-BE54-9A1E7A4F7556}") = "AspireApp1.Web", "AspireApp1.Web\AspireApp1.Web.csproj", "{86D93B17-CF43-4263-8C1D-81B59E0934E3}"
EndProject
Project("{9A19103F-16F7-4668-BE54-9A1E7A4F7556}") = "Aspire1.WeatherStatisticsService", "Aspire1.WeatherStatisticsService\Aspire1.WeatherStatisticsService.csproj", "{A1B7442E-8F91-4E5E-BE4B-DCF339C9CC9B}"
EndProject
Project("{9A19103F-16F7-4668-BE54-9A1E7A4F7556}") = "WorkerService1", "WorkerService1\WorkerService1.csproj", "{8877C349-A8A9-4B61-BFB5-80E0D43B3EB9}"
EndProject
Global
	GlobalSection(SolutionConfigurationPlatforms) = preSolution
		Debug|Any CPU = Debug|Any CPU
		Release|Any CPU = Release|Any CPU
	EndGlobalSection
	GlobalSection(ProjectConfigurationPlatforms) = postSolution
		{5EC6BBE8-30DD-42F4-B4AE-1DDC0C6DDCD9}.Debug|Any CPU.ActiveCfg = Debug|Any CPU
		{5EC6BBE8-30DD-42F4-B4AE-1DDC0C6DDCD9}.Debug|Any CPU.Build.0 = Debug|Any CPU
		{5EC6BBE8-30DD-42F4-B4AE-1DDC0C6DDCD9}.Release|Any CPU.ActiveCfg = Release|Any CPU
		{5EC6BBE8-30DD-42F4-B4AE-1DDC0C6DDCD9}.Release|Any CPU.Build.0 = Release|Any CPU
		{57200A06-78BC-43E0-87EC-2E59336A978A}.Debug|Any CPU.ActiveCfg = Debug|Any CPU
		{57200A06-78BC-43E0-87EC-2E59336A978A}.Debug|Any CPU.Build.0 = Debug|Any CPU
		{57200A06-78BC-43E0-87EC-2E59336A978A}.Release|Any CPU.ActiveCfg = Release|Any CPU
		{57200A06-78BC-43E0-87EC-2E59336A978A}.Release|Any CPU.Build.0 = Release|Any CPU
		{99A0A28C-A660-443B-9919-6BF05AF93A82}.Debug|Any CPU.ActiveCfg = Debug|Any CPU
		{99A0A28C-A660-443B-9919-6BF05AF93A82}.Debug|Any CPU.Build.0 = Debug|Any CPU
		{99A0A28C-A660-443B-9919-6BF05AF93A82}.Release|Any CPU.ActiveCfg = Release|Any CPU
		{99A0A28C-A660-443B-9919-6BF05AF93A82}.Release|Any CPU.Build.0 = Release|Any CPU
		{86D93B17-CF43-4263-8C1D-81B59E0934E3}.Debug|Any CPU.ActiveCfg = Debug|Any CPU
		{86D93B17-CF43-4263-8C1D-81B59E0934E3}.Debug|Any CPU.Build.0 = Debug|Any CPU
		{86D93B17-CF43-4263-8C1D-81B59E0934E3}.Release|Any CPU.ActiveCfg = Release|Any CPU
		{86D93B17-CF43-4263-8C1D-81B59E0934E3}.Release|Any CPU.Build.0 = Release|Any CPU
		{A1B7442E-8F91-4E5E-BE4B-DCF339C9CC9B}.Debug|Any CPU.ActiveCfg = Debug|Any CPU
		{A1B7442E-8F91-4E5E-BE4B-DCF339C9CC9B}.Debug|Any CPU.Build.0 = Debug|Any CPU
		{A1B7442E-8F91-4E5E-BE4B-DCF339C9CC9B}.Release|Any CPU.ActiveCfg = Release|Any CPU
		{A1B7442E-8F91-4E5E-BE4B-DCF339C9CC9B}.Release|Any CPU.Build.0 = Release|Any CPU
		{8877C349-A8A9-4B61-BFB5-80E0D43B3EB9}.Debug|Any CPU.ActiveCfg = Debug|Any CPU
		{8877C349-A8A9-4B61-BFB5-80E0D43B3EB9}.Debug|Any CPU.Build.0 = Debug|Any CPU
		{8877C349-A8A9-4B61-BFB5-80E0D43B3EB9}.Release|Any CPU.ActiveCfg = Release|Any CPU
		{8877C349-A8A9-4B61-BFB5-80E0D43B3EB9}.Release|Any CPU.Build.0 = Release|Any CPU
	EndGlobalSection
	GlobalSection(SolutionProperties) = preSolution
		HideSolutionNode = FALSE
	EndGlobalSection
	GlobalSection(ExtensibilityGlobals) = postSolution
		SolutionGuid = {BD610C6F-A79C-4820-A206-C99CB7EC5437}
	EndGlobalSection
EndGlobal
